
Microsoft Visual Studio Solution File, Format Version 12.00
# Visual Studio Version 17
VisualStudioVersion = 17.8.34330.188
MinimumVisualStudioVersion = 10.0.40219.1
Project("{FAE04EC0-301F-11D3-BF4B-00C04F79EFBC}") = "Hospital Management System", "Hospital Management System\Hospital Management System.csproj", "{2D69AAB6-BA22-45B3-9039-5A16AC1085BF}"
EndProject
Global
	GlobalSection(SolutionConfigurationPlatforms) = preSolution
		Debug|Any CPU = Debug|Any CPU
		Release|Any CPU = Release|Any CPU
	EndGlobalSection
	GlobalSection(ProjectConfigurationPlatforms) = postSolution
		{2D69AAB6-BA22-45B3-9039-5A16AC1085BF}.Debug|Any CPU.ActiveCfg = Debug|Any CPU
		{2D69AAB6-BA22-45B3-9039-5A16AC1085BF}.Debug|Any CPU.Build.0 = Debug|Any CPU
		{2D69AAB6-BA22-45B3-9039-5A16AC1085BF}.Release|Any CPU.ActiveCfg = Release|Any CPU
		{2D69AAB6-BA22-45B3-9039-5A16AC1085BF}.Release|Any CPU.Build.0 = Release|Any CPU
	EndGlobalSection
	GlobalSection(SolutionProperties) = preSolution
		HideSolutionNode = FALSE
	EndGlobalSection
	GlobalSection(ExtensibilityGlobals) = postSolution
		SolutionGuid = {761F45E0-333A-41EE-8631-D574E5CD9399}
	EndGlobalSection
EndGlobal
